{
  "nodes": {
    "deriving-trans": {
      "inputs": {
        "nixpkgs": [
          "nixpkgs"
        ]
      },
      "locked": {
        "lastModified": 1643580957,
        "narHash": "sha256-D2AE1UasgCTpjWiTPhk7ToWRAxn3koj14crpOqaM/U0=",
        "owner": "jumper149",
        "repo": "deriving-trans",
        "rev": "d9c95197283747fc50c988a88cda8ae714c34597",
        "type": "github"
      },
      "original": {
        "owner": "jumper149",
        "ref": "v0.2.2.0",
        "repo": "deriving-trans",
        "type": "github"
      }
    },
    "nixpkgs": {
      "locked": {
        "lastModified": 1643322911,
        "narHash": "sha256-WLe4lXAYXH/v80iO02npX1wdXq4nIVEHJTONLXbQrL0=",
        "owner": "NixOS",
        "repo": "nixpkgs",
        "rev": "d9e21f284317f85b3476c0043f4efea87a226c3a",
        "type": "github"
      },
      "original": {
        "owner": "NixOS",
        "ref": "nixpkgs-unstable",
        "repo": "nixpkgs",
        "type": "github"
      }
    },
    "root": {
      "inputs": {
        "deriving-trans": "deriving-trans",
        "nixpkgs": "nixpkgs"
      }
    }
  },
  "root": "root",
  "version": 7
}
