{
  "nodes": {
    "deriving-trans": {
      "inputs": {
        "monad-control-identity": [
          "monad-control-identity"
        ],
        "nixpkgs": [
          "nixpkgs"
        ]
      },
      "locked": {
        "lastModified": 1648762635,
        "narHash": "sha256-UTtsdf7p7LtwP+g7DALZ2UHCo3HlBJvrWoirligWJJo=",
        "owner": "jumper149",
        "repo": "deriving-trans",
        "rev": "6a15770bf53f9ea71fa4d37c1b595e6c30ab8725",
        "type": "github"
      },
      "original": {
        "owner": "jumper149",
        "ref": "monad-control-identity",
        "repo": "deriving-trans",
        "type": "github"
      }
    },
    "monad-control-identity": {
      "inputs": {
        "nixpkgs": [
          "nixpkgs"
        ]
      },
      "locked": {
        "lastModified": 1648760612,
        "narHash": "sha256-+wIUuWvbq+od+/+L/iJDt/XBtVANEimLA/SyYZkqf6A=",
        "owner": "jumper149",
        "repo": "monad-control-identity",
        "rev": "a94d2765936642012bb327917668ebf3547ff5ad",
        "type": "github"
      },
      "original": {
        "owner": "jumper149",
        "ref": "master",
        "repo": "monad-control-identity",
        "type": "github"
      }
    },
    "nixpkgs": {
      "locked": {
        "lastModified": 1648730673,
        "narHash": "sha256-/zMnYyYzY2Yo1J7qCNLKOoNOXaT6PDt1lmxET4BX4pU=",
        "owner": "NixOS",
        "repo": "nixpkgs",
        "rev": "705a678726537825f91550a91531d026e855b50e",
        "type": "github"
      },
      "original": {
        "owner": "NixOS",
        "ref": "master",
        "repo": "nixpkgs",
        "type": "github"
      }
    },
    "root": {
      "inputs": {
        "deriving-trans": "deriving-trans",
        "monad-control-identity": "monad-control-identity",
        "nixpkgs": "nixpkgs"
      }
    }
  },
  "root": "root",
  "version": 7
}
