{
  "nodes": {
    "deriving-trans": {
      "inputs": {
        "nixpkgs": [
          "nixpkgs"
        ]
      },
      "locked": {
        "lastModified": 1648726935,
        "narHash": "sha256-CSszUGkvii8wAl9s4Piv++h2OM4luI1WDblnXazBNI8=",
        "owner": "jumper149",
        "repo": "deriving-trans",
        "rev": "0cdc2a7462ff5f020c4df2e94127c95f898bfd92",
        "type": "github"
      },
      "original": {
        "owner": "jumper149",
        "ref": "monad-control-identity",
        "repo": "deriving-trans",
        "type": "github"
      }
    },
    "monad-control-identity": {
      "inputs": {
        "nixpkgs": [
          "nixpkgs"
        ]
      },
      "locked": {
        "lastModified": 1648726590,
        "narHash": "sha256-cIguYE9k0VtMGoNS1SqlO9bZ2sWoApAXqESgwC//T68=",
        "owner": "jumper149",
        "repo": "monad-control-identity",
        "rev": "1c3f0b38efa24697f3eb6d9978fdada7572076b4",
        "type": "github"
      },
      "original": {
        "owner": "jumper149",
        "ref": "master",
        "repo": "monad-control-identity",
        "type": "github"
      }
    },
    "nixpkgs": {
      "locked": {
        "lastModified": 1648730673,
        "narHash": "sha256-/zMnYyYzY2Yo1J7qCNLKOoNOXaT6PDt1lmxET4BX4pU=",
        "owner": "NixOS",
        "repo": "nixpkgs",
        "rev": "705a678726537825f91550a91531d026e855b50e",
        "type": "github"
      },
      "original": {
        "owner": "NixOS",
        "ref": "master",
        "repo": "nixpkgs",
        "type": "github"
      }
    },
    "root": {
      "inputs": {
        "deriving-trans": "deriving-trans",
        "monad-control-identity": "monad-control-identity",
        "nixpkgs": "nixpkgs"
      }
    }
  },
  "root": "root",
  "version": 7
}
